
Microsoft Visual Studio Solution File, Format Version 12.00
# Visual Studio Version 16
VisualStudioVersion = 16.0.31424.327
MinimumVisualStudioVersion = 10.0.40219.1
Project("{9A19103F-16F7-4668-BE54-9A1E7A4F7556}") = "PaymentsAPI", "PaymentsAPI.csproj", "{4A47A65E-3933-462A-BD3A-7CC299FD1F3E}"
EndProject
Project("{9A19103F-16F7-4668-BE54-9A1E7A4F7556}") = "PaymentsDomain", "..\PaymentsDomain\PaymentsDomain.csproj", "{62E97537-308A-4D34-B3FB-4CD21EEBF39B}"
EndProject
Project("{9A19103F-16F7-4668-BE54-9A1E7A4F7556}") = "PaymentsInfrastructure", "..\PaymentsInfrastructure\PaymentsInfrastructure.csproj", "{30AB789A-A894-4D61-AFF0-0AC7068033CA}"
EndProject
Project("{9A19103F-16F7-4668-BE54-9A1E7A4F7556}") = "PaymentsUnitTests", "..\PaymentsUnitTests\PaymentsUnitTests.csproj", "{5D5B9551-F565-476A-8206-2D9D96FCED4D}"
EndProject
Global
	GlobalSection(SolutionConfigurationPlatforms) = preSolution
		Debug|Any CPU = Debug|Any CPU
		Release|Any CPU = Release|Any CPU
	EndGlobalSection
	GlobalSection(ProjectConfigurationPlatforms) = postSolution
		{4A47A65E-3933-462A-BD3A-7CC299FD1F3E}.Debug|Any CPU.ActiveCfg = Debug|Any CPU
		{4A47A65E-3933-462A-BD3A-7CC299FD1F3E}.Debug|Any CPU.Build.0 = Debug|Any CPU
		{4A47A65E-3933-462A-BD3A-7CC299FD1F3E}.Release|Any CPU.ActiveCfg = Release|Any CPU
		{4A47A65E-3933-462A-BD3A-7CC299FD1F3E}.Release|Any CPU.Build.0 = Release|Any CPU
		{62E97537-308A-4D34-B3FB-4CD21EEBF39B}.Debug|Any CPU.ActiveCfg = Debug|Any CPU
		{62E97537-308A-4D34-B3FB-4CD21EEBF39B}.Debug|Any CPU.Build.0 = Debug|Any CPU
		{62E97537-308A-4D34-B3FB-4CD21EEBF39B}.Release|Any CPU.ActiveCfg = Release|Any CPU
		{62E97537-308A-4D34-B3FB-4CD21EEBF39B}.Release|Any CPU.Build.0 = Release|Any CPU
		{30AB789A-A894-4D61-AFF0-0AC7068033CA}.Debug|Any CPU.ActiveCfg = Debug|Any CPU
		{30AB789A-A894-4D61-AFF0-0AC7068033CA}.Debug|Any CPU.Build.0 = Debug|Any CPU
		{30AB789A-A894-4D61-AFF0-0AC7068033CA}.Release|Any CPU.ActiveCfg = Release|Any CPU
		{30AB789A-A894-4D61-AFF0-0AC7068033CA}.Release|Any CPU.Build.0 = Release|Any CPU
		{5D5B9551-F565-476A-8206-2D9D96FCED4D}.Debug|Any CPU.ActiveCfg = Debug|Any CPU
		{5D5B9551-F565-476A-8206-2D9D96FCED4D}.Debug|Any CPU.Build.0 = Debug|Any CPU
		{5D5B9551-F565-476A-8206-2D9D96FCED4D}.Release|Any CPU.ActiveCfg = Release|Any CPU
		{5D5B9551-F565-476A-8206-2D9D96FCED4D}.Release|Any CPU.Build.0 = Release|Any CPU
	EndGlobalSection
	GlobalSection(SolutionProperties) = preSolution
		HideSolutionNode = FALSE
	EndGlobalSection
	GlobalSection(ExtensibilityGlobals) = postSolution
		SolutionGuid = {9DCAA3C1-488C-4BAE-B23A-0ECD51CBE89C}
	EndGlobalSection
EndGlobal
