
Microsoft Visual Studio Solution File, Format Version 12.00
# Visual Studio Version 16
VisualStudioVersion = 16.0.31424.327
MinimumVisualStudioVersion = 10.0.40219.1
Project("{9A19103F-16F7-4668-BE54-9A1E7A4F7556}") = "PaymentsAPI", "PaymentsAPI.csproj", "{4A47A65E-3933-462A-BD3A-7CC299FD1F3E}"
EndProject
Project("{9A19103F-16F7-4668-BE54-9A1E7A4F7556}") = "PaymentsDomain", "..\PaymentsDomain\PaymentsDomain.csproj", "{2F3AD1BC-DEB8-4A4D-BE71-95C3B39C21BC}"
EndProject
Project("{9A19103F-16F7-4668-BE54-9A1E7A4F7556}") = "PaymentsInfrastructure", "..\PaymentsInfrastructure\PaymentsInfrastructure.csproj", "{E18BA877-08CC-413F-B17F-FD70AF001DF0}"
EndProject
Project("{9A19103F-16F7-4668-BE54-9A1E7A4F7556}") = "PaymentsUnitTests", "..\PaymentsUnitTests\PaymentsUnitTests.csproj", "{613CFBBF-CA35-4FBF-93AB-27AAC4A424F5}"
EndProject
Global
	GlobalSection(SolutionConfigurationPlatforms) = preSolution
		Debug|Any CPU = Debug|Any CPU
		Release|Any CPU = Release|Any CPU
	EndGlobalSection
	GlobalSection(ProjectConfigurationPlatforms) = postSolution
		{4A47A65E-3933-462A-BD3A-7CC299FD1F3E}.Debug|Any CPU.ActiveCfg = Debug|Any CPU
		{4A47A65E-3933-462A-BD3A-7CC299FD1F3E}.Debug|Any CPU.Build.0 = Debug|Any CPU
		{4A47A65E-3933-462A-BD3A-7CC299FD1F3E}.Release|Any CPU.ActiveCfg = Release|Any CPU
		{4A47A65E-3933-462A-BD3A-7CC299FD1F3E}.Release|Any CPU.Build.0 = Release|Any CPU
		{2F3AD1BC-DEB8-4A4D-BE71-95C3B39C21BC}.Debug|Any CPU.ActiveCfg = Debug|Any CPU
		{2F3AD1BC-DEB8-4A4D-BE71-95C3B39C21BC}.Debug|Any CPU.Build.0 = Debug|Any CPU
		{2F3AD1BC-DEB8-4A4D-BE71-95C3B39C21BC}.Release|Any CPU.ActiveCfg = Release|Any CPU
		{2F3AD1BC-DEB8-4A4D-BE71-95C3B39C21BC}.Release|Any CPU.Build.0 = Release|Any CPU
		{E18BA877-08CC-413F-B17F-FD70AF001DF0}.Debug|Any CPU.ActiveCfg = Debug|Any CPU
		{E18BA877-08CC-413F-B17F-FD70AF001DF0}.Debug|Any CPU.Build.0 = Debug|Any CPU
		{E18BA877-08CC-413F-B17F-FD70AF001DF0}.Release|Any CPU.ActiveCfg = Release|Any CPU
		{E18BA877-08CC-413F-B17F-FD70AF001DF0}.Release|Any CPU.Build.0 = Release|Any CPU
		{613CFBBF-CA35-4FBF-93AB-27AAC4A424F5}.Debug|Any CPU.ActiveCfg = Debug|Any CPU
		{613CFBBF-CA35-4FBF-93AB-27AAC4A424F5}.Debug|Any CPU.Build.0 = Debug|Any CPU
		{613CFBBF-CA35-4FBF-93AB-27AAC4A424F5}.Release|Any CPU.ActiveCfg = Release|Any CPU
		{613CFBBF-CA35-4FBF-93AB-27AAC4A424F5}.Release|Any CPU.Build.0 = Release|Any CPU
	EndGlobalSection
	GlobalSection(SolutionProperties) = preSolution
		HideSolutionNode = FALSE
	EndGlobalSection
	GlobalSection(ExtensibilityGlobals) = postSolution
		SolutionGuid = {9DCAA3C1-488C-4BAE-B23A-0ECD51CBE89C}
	EndGlobalSection
EndGlobal
